
Microsoft Visual Studio Solution File, Format Version 12.00
# Visual Studio Version 17
VisualStudioVersion = 17.3.32901.215
MinimumVisualStudioVersion = 10.0.40219.1
Project("{FAE04EC0-301F-11D3-BF4B-00C04F79EFBC}") = "ornek5", "ornek5\ornek5.csproj", "{47CD267A-AEC9-4ABF-B543-85C459801A74}"
EndProject
Global
	GlobalSection(SolutionConfigurationPlatforms) = preSolution
		Debug|Any CPU = Debug|Any CPU
		Release|Any CPU = Release|Any CPU
	EndGlobalSection
	GlobalSection(ProjectConfigurationPlatforms) = postSolution
		{47CD267A-AEC9-4ABF-B543-85C459801A74}.Debug|Any CPU.ActiveCfg = Debug|Any CPU
		{47CD267A-AEC9-4ABF-B543-85C459801A74}.Debug|Any CPU.Build.0 = Debug|Any CPU
		{47CD267A-AEC9-4ABF-B543-85C459801A74}.Release|Any CPU.ActiveCfg = Release|Any CPU
		{47CD267A-AEC9-4ABF-B543-85C459801A74}.Release|Any CPU.Build.0 = Release|Any CPU
	EndGlobalSection
	GlobalSection(SolutionProperties) = preSolution
		HideSolutionNode = FALSE
	EndGlobalSection
	GlobalSection(ExtensibilityGlobals) = postSolution
		SolutionGuid = {7DC6B760-D60C-40BB-B4C6-EAC2B1BBE6D6}
	EndGlobalSection
EndGlobal
